// !$*UTF8*$!
{
	archiveVersion = 1;
	classes = {
	};
	objectVersion = 48;
	objects = {

/* Begin PBXBuildFile section */
		A4147BF61FD3496B00F67853 /* TodayViewController.swift in Sources */ = {isa = PBXBuildFile; fileRef = A4147BF51FD3496B00F67853 /* TodayViewController.swift */; };
		A4147BFB1FD34A0100F67853 /* TodayController.swift in Sources */ = {isa = PBXBuildFile; fileRef = A4147BFA1FD34A0100F67853 /* TodayController.swift */; };
		A4147BFD1FD34A5A00F67853 /* TodayView + tableview delegates.swift in Sources */ = {isa = PBXBuildFile; fileRef = A4147BFC1FD34A5A00F67853 /* TodayView + tableview delegates.swift */; };
		A421913B1FD63F8600F893AE /* ParentController.swift in Sources */ = {isa = PBXBuildFile; fileRef = A421913A1FD63F8600F893AE /* ParentController.swift */; };
		A421913D1FD6413D00F893AE /* ParentViewController.swift in Sources */ = {isa = PBXBuildFile; fileRef = A421913C1FD6413D00F893AE /* ParentViewController.swift */; };
		A421913F1FD71DDB00F893AE /* ContextItemView + DragAndDrop.swift in Sources */ = {isa = PBXBuildFile; fileRef = A421913E1FD71DDB00F893AE /* ContextItemView + DragAndDrop.swift */; };
		A422DFCE1FC9079200B52728 /* HapticFeedbackVariableChange.swift in Sources */ = {isa = PBXBuildFile; fileRef = A422DFCD1FC9079200B52728 /* HapticFeedbackVariableChange.swift */; };
		A42CB4941FD0869700C10976 /* SettingsTableViewController.swift in Sources */ = {isa = PBXBuildFile; fileRef = A42CB4931FD0869700C10976 /* SettingsTableViewController.swift */; };
		A42CB4961FD086AA00C10976 /* IAPViewController.swift in Sources */ = {isa = PBXBuildFile; fileRef = A42CB4951FD086AA00C10976 /* IAPViewController.swift */; };
		A42CB49A1FD0893900C10976 /* ThemeController.swift in Sources */ = {isa = PBXBuildFile; fileRef = A42CB4991FD0893900C10976 /* ThemeController.swift */; };
		A42CC4A31FE1F7DB0024AB03 /* RemindersController.swift in Sources */ = {isa = PBXBuildFile; fileRef = A42CC4A21FE1F7DB0024AB03 /* RemindersController.swift */; };
		A42CC4A51FE2F28F0024AB03 /* CustomRepeatViewTableViewController.swift in Sources */ = {isa = PBXBuildFile; fileRef = A42CC4A41FE2F28F0024AB03 /* CustomRepeatViewTableViewController.swift */; };
		A43FF2A61FC9D53A00A5ECB4 /* EventDropDelegate.swift in Sources */ = {isa = PBXBuildFile; fileRef = A43FF2A51FC9D53A00A5ECB4 /* EventDropDelegate.swift */; };
		A43FF2A81FC9D55100A5ECB4 /* CalendarDropDelegate.swift in Sources */ = {isa = PBXBuildFile; fileRef = A43FF2A71FC9D55100A5ECB4 /* CalendarDropDelegate.swift */; };
		A43FF2AC1FCA031600A5ECB4 /* MainDisplayTableViewCell.swift in Sources */ = {isa = PBXBuildFile; fileRef = A43FF2AB1FCA031600A5ECB4 /* MainDisplayTableViewCell.swift */; };
		A43FF2AF1FCA035000A5ECB4 /* MainViewViewController.swift in Sources */ = {isa = PBXBuildFile; fileRef = A43FF2AE1FCA035000A5ECB4 /* MainViewViewController.swift */; };
		A43FF2B31FCA051F00A5ECB4 /* MainViewController.swift in Sources */ = {isa = PBXBuildFile; fileRef = A43FF2B21FCA051F00A5ECB4 /* MainViewController.swift */; };
		A43FF2B61FCA15EF00A5ECB4 /* ContextItemViewController.swift in Sources */ = {isa = PBXBuildFile; fileRef = A43FF2B51FCA15EF00A5ECB4 /* ContextItemViewController.swift */; };
		A43FF2B81FCA160100A5ECB4 /* ContextItemTableViewCell.swift in Sources */ = {isa = PBXBuildFile; fileRef = A43FF2B71FCA160100A5ECB4 /* ContextItemTableViewCell.swift */; };
		A43FF2BC1FCA16AB00A5ECB4 /* ContextItemTableViewDelegate.swift in Sources */ = {isa = PBXBuildFile; fileRef = A43FF2BB1FCA16AB00A5ECB4 /* ContextItemTableViewDelegate.swift */; };
		A43FF2BE1FCC4C9E00A5ECB4 /* ContextItemController.swift in Sources */ = {isa = PBXBuildFile; fileRef = A43FF2BD1FCC4C9E00A5ECB4 /* ContextItemController.swift */; };
		A45CA2381FC6ABD1004F18A6 /* PickerViewExtension.swift in Sources */ = {isa = PBXBuildFile; fileRef = A45CA2371FC6ABD1004F18A6 /* PickerViewExtension.swift */; };
		A45CA23A1FC86618004F18A6 /* NotesController.swift in Sources */ = {isa = PBXBuildFile; fileRef = A45CA2391FC86618004F18A6 /* NotesController.swift */; };
		A45CA23C1FC87102004F18A6 /* ContextController.swift in Sources */ = {isa = PBXBuildFile; fileRef = A45CA23B1FC87102004F18A6 /* ContextController.swift */; };
		A45FE8791FCD961900E27C17 /* MainViewViewController + collection.swift in Sources */ = {isa = PBXBuildFile; fileRef = A45FE8781FCD961900E27C17 /* MainViewViewController + collection.swift */; };
		A45FE87B1FCD97F300E27C17 /* ContextItemCollectionViewCell.swift in Sources */ = {isa = PBXBuildFile; fileRef = A45FE87A1FCD97F300E27C17 /* ContextItemCollectionViewCell.swift */; };
		A46D74D61FEDBAD9004306BD /* RepeatCycleTableViewCell.swift in Sources */ = {isa = PBXBuildFile; fileRef = A46D74D51FEDBAD9004306BD /* RepeatCycleTableViewCell.swift */; };
		A46D74D81FEDBADF004306BD /* RepeatIntervalTableViewCell.swift in Sources */ = {isa = PBXBuildFile; fileRef = A46D74D71FEDBADF004306BD /* RepeatIntervalTableViewCell.swift */; };
		A46D74DA1FEDBAE8004306BD /* RepeatCalendarTableViewCell.swift in Sources */ = {isa = PBXBuildFile; fileRef = A46D74D91FEDBAE7004306BD /* RepeatCalendarTableViewCell.swift */; };
		A46D74DC1FEDBAEE004306BD /* RepeatMonthTableViewCell.swift in Sources */ = {isa = PBXBuildFile; fileRef = A46D74DB1FEDBAEE004306BD /* RepeatMonthTableViewCell.swift */; };
		A46D74DE1FEDC08C004306BD /* RepeatController.swift in Sources */ = {isa = PBXBuildFile; fileRef = A46D74DD1FEDC08C004306BD /* RepeatController.swift */; };
		A46D74E01FEDC220004306BD /* RepeatWeeklyTableViewCell.swift in Sources */ = {isa = PBXBuildFile; fileRef = A46D74DF1FEDC220004306BD /* RepeatWeeklyTableViewCell.swift */; };
		A46D74E21FEDE302004306BD /* CalendarCollectionViewCell.swift in Sources */ = {isa = PBXBuildFile; fileRef = A46D74E11FEDE302004306BD /* CalendarCollectionViewCell.swift */; };
		A46D74E41FEDE33A004306BD /* RepeatingCalendarCollectionViewCell.swift in Sources */ = {isa = PBXBuildFile; fileRef = A46D74E31FEDE33A004306BD /* RepeatingCalendarCollectionViewCell.swift */; };
		A482FD8F1FE767EE00F353AC /* Helper.swift in Sources */ = {isa = PBXBuildFile; fileRef = A482FD8E1FE767EE00F353AC /* Helper.swift */; };
		A482FD911FE84E8500F353AC /* ReminderModel.swift in Sources */ = {isa = PBXBuildFile; fileRef = A482FD901FE84E8500F353AC /* ReminderModel.swift */; };
		A48E0B9D1FBDB632007ED8FD /* CalendarEventTableViewCell.swift in Sources */ = {isa = PBXBuildFile; fileRef = A48E0B9C1FBDB632007ED8FD /* CalendarEventTableViewCell.swift */; };
		A48E0B9F1FBDB723007ED8FD /* EventTableViewCell.swift in Sources */ = {isa = PBXBuildFile; fileRef = A48E0B9E1FBDB723007ED8FD /* EventTableViewCell.swift */; };
		A4BA78441FC087E0007281F3 /* CalendarEventModel.swift in Sources */ = {isa = PBXBuildFile; fileRef = A4BA78431FC087E0007281F3 /* CalendarEventModel.swift */; };
		A4BFAD241FBEB8A000F17D37 /* AddToDoController.swift in Sources */ = {isa = PBXBuildFile; fileRef = A4BFAD231FBEB8A000F17D37 /* AddToDoController.swift */; };
		A4BFAD251FBEB94100F17D37 /* AddItemTableViewCell.swift in Sources */ = {isa = PBXBuildFile; fileRef = A4BFAD211FBEB85800F17D37 /* AddItemTableViewCell.swift */; };
		A4BFAD271FBEB97800F17D37 /* ContextViewController.swift in Sources */ = {isa = PBXBuildFile; fileRef = A4BFAD261FBEB97800F17D37 /* ContextViewController.swift */; };
		A4BFAD291FBEBB0400F17D37 /* AddNotesViewController.swift in Sources */ = {isa = PBXBuildFile; fileRef = A4BFAD281FBEBB0400F17D37 /* AddNotesViewController.swift */; };
		A4BFAD2F1FBEC57300F17D37 /* Enum.swift in Sources */ = {isa = PBXBuildFile; fileRef = A4BFAD2E1FBEC57300F17D37 /* Enum.swift */; };
		A4DD2C8F1FB9AECB008CF72E /* AppDelegate.swift in Sources */ = {isa = PBXBuildFile; fileRef = A4DD2C8E1FB9AECB008CF72E /* AppDelegate.swift */; };
		A4DD2C911FB9AECB008CF72E /* ViewController.swift in Sources */ = {isa = PBXBuildFile; fileRef = A4DD2C901FB9AECB008CF72E /* ViewController.swift */; };
		A4DD2C941FB9AECB008CF72E /* Main.storyboard in Resources */ = {isa = PBXBuildFile; fileRef = A4DD2C921FB9AECB008CF72E /* Main.storyboard */; };
		A4DD2C961FB9AECB008CF72E /* Assets.xcassets in Resources */ = {isa = PBXBuildFile; fileRef = A4DD2C951FB9AECB008CF72E /* Assets.xcassets */; };
		A4DD2C991FB9AECB008CF72E /* LaunchScreen.storyboard in Resources */ = {isa = PBXBuildFile; fileRef = A4DD2C971FB9AECB008CF72E /* LaunchScreen.storyboard */; };
		A4DD2CA41FB9AECC008CF72E /* TestingNewArchTests.swift in Sources */ = {isa = PBXBuildFile; fileRef = A4DD2CA31FB9AECC008CF72E /* TestingNewArchTests.swift */; };
		A4DD2CAF1FB9AECC008CF72E /* TestingNewArchUITests.swift in Sources */ = {isa = PBXBuildFile; fileRef = A4DD2CAE1FB9AECC008CF72E /* TestingNewArchUITests.swift */; };
		A4DD2CBD1FB9AEE3008CF72E /* CalendarViewController.swift in Sources */ = {isa = PBXBuildFile; fileRef = A4DD2CBC1FB9AEE3008CF72E /* CalendarViewController.swift */; };
		A4DD2CBF1FB9AEE8008CF72E /* EventViewController.swift in Sources */ = {isa = PBXBuildFile; fileRef = A4DD2CBE1FB9AEE8008CF72E /* EventViewController.swift */; };
		A4DD2CD01FBB3EC0008CF72E /* CalendarController.swift in Sources */ = {isa = PBXBuildFile; fileRef = A4DD2CCF1FBB3EC0008CF72E /* CalendarController.swift */; };
		A4DD2CD21FBB3F3D008CF72E /* EventDelegate.swift in Sources */ = {isa = PBXBuildFile; fileRef = A4DD2CD11FBB3F3D008CF72E /* EventDelegate.swift */; };
		A4DD2CD41FBB3F44008CF72E /* CalendarDelegate.swift in Sources */ = {isa = PBXBuildFile; fileRef = A4DD2CD31FBB3F44008CF72E /* CalendarDelegate.swift */; };
		A4FE91911FC5E0540034A32D /* EventController.swift in Sources */ = {isa = PBXBuildFile; fileRef = A4FE91901FC5E0540034A32D /* EventController.swift */; };
/* End PBXBuildFile section */

/* Begin PBXContainerItemProxy section */
		A4DD2CA01FB9AECC008CF72E /* PBXContainerItemProxy */ = {
			isa = PBXContainerItemProxy;
			containerPortal = A4DD2C831FB9AECB008CF72E /* Project object */;
			proxyType = 1;
			remoteGlobalIDString = A4DD2C8A1FB9AECB008CF72E;
			remoteInfo = TestingNewArch;
		};
		A4DD2CAB1FB9AECC008CF72E /* PBXContainerItemProxy */ = {
			isa = PBXContainerItemProxy;
			containerPortal = A4DD2C831FB9AECB008CF72E /* Project object */;
			proxyType = 1;
			remoteGlobalIDString = A4DD2C8A1FB9AECB008CF72E;
			remoteInfo = TestingNewArch;
		};
/* End PBXContainerItemProxy section */

/* Begin PBXFileReference section */
		A4147BF51FD3496B00F67853 /* TodayViewController.swift */ = {isa = PBXFileReference; lastKnownFileType = sourcecode.swift; name = TodayViewController.swift; path = Views/TodayView/TodayViewController.swift; sourceTree = SOURCE_ROOT; };
		A4147BFA1FD34A0100F67853 /* TodayController.swift */ = {isa = PBXFileReference; lastKnownFileType = sourcecode.swift; path = TodayController.swift; sourceTree = "<group>"; };
		A4147BFC1FD34A5A00F67853 /* TodayView + tableview delegates.swift */ = {isa = PBXFileReference; lastKnownFileType = sourcecode.swift; path = "TodayView + tableview delegates.swift"; sourceTree = "<group>"; };
		A421913A1FD63F8600F893AE /* ParentController.swift */ = {isa = PBXFileReference; lastKnownFileType = sourcecode.swift; path = ParentController.swift; sourceTree = "<group>"; };
		A421913C1FD6413D00F893AE /* ParentViewController.swift */ = {isa = PBXFileReference; lastKnownFileType = sourcecode.swift; path = ParentViewController.swift; sourceTree = "<group>"; };
		A421913E1FD71DDB00F893AE /* ContextItemView + DragAndDrop.swift */ = {isa = PBXFileReference; lastKnownFileType = sourcecode.swift; path = "ContextItemView + DragAndDrop.swift"; sourceTree = "<group>"; };
		A422DFCD1FC9079200B52728 /* HapticFeedbackVariableChange.swift */ = {isa = PBXFileReference; lastKnownFileType = sourcecode.swift; path = HapticFeedbackVariableChange.swift; sourceTree = "<group>"; };
		A42CB4931FD0869700C10976 /* SettingsTableViewController.swift */ = {isa = PBXFileReference; lastKnownFileType = sourcecode.swift; path = SettingsTableViewController.swift; sourceTree = "<group>"; };
		A42CB4951FD086AA00C10976 /* IAPViewController.swift */ = {isa = PBXFileReference; lastKnownFileType = sourcecode.swift; path = IAPViewController.swift; sourceTree = "<group>"; };
		A42CB4991FD0893900C10976 /* ThemeController.swift */ = {isa = PBXFileReference; lastKnownFileType = sourcecode.swift; path = ThemeController.swift; sourceTree = "<group>"; };
		A42CC4A21FE1F7DB0024AB03 /* RemindersController.swift */ = {isa = PBXFileReference; lastKnownFileType = sourcecode.swift; path = RemindersController.swift; sourceTree = "<group>"; };
		A42CC4A41FE2F28F0024AB03 /* CustomRepeatViewTableViewController.swift */ = {isa = PBXFileReference; lastKnownFileType = sourcecode.swift; path = CustomRepeatViewTableViewController.swift; sourceTree = "<group>"; };
		A43FF2A51FC9D53A00A5ECB4 /* EventDropDelegate.swift */ = {isa = PBXFileReference; lastKnownFileType = sourcecode.swift; path = EventDropDelegate.swift; sourceTree = "<group>"; };
		A43FF2A71FC9D55100A5ECB4 /* CalendarDropDelegate.swift */ = {isa = PBXFileReference; lastKnownFileType = sourcecode.swift; path = CalendarDropDelegate.swift; sourceTree = "<group>"; };
		A43FF2AB1FCA031600A5ECB4 /* MainDisplayTableViewCell.swift */ = {isa = PBXFileReference; lastKnownFileType = sourcecode.swift; path = MainDisplayTableViewCell.swift; sourceTree = "<group>"; };
		A43FF2AE1FCA035000A5ECB4 /* MainViewViewController.swift */ = {isa = PBXFileReference; lastKnownFileType = sourcecode.swift; path = MainViewViewController.swift; sourceTree = "<group>"; };
		A43FF2B21FCA051F00A5ECB4 /* MainViewController.swift */ = {isa = PBXFileReference; lastKnownFileType = sourcecode.swift; path = MainViewController.swift; sourceTree = "<group>"; };
		A43FF2B51FCA15EF00A5ECB4 /* ContextItemViewController.swift */ = {isa = PBXFileReference; lastKnownFileType = sourcecode.swift; path = ContextItemViewController.swift; sourceTree = "<group>"; };
		A43FF2B71FCA160100A5ECB4 /* ContextItemTableViewCell.swift */ = {isa = PBXFileReference; lastKnownFileType = sourcecode.swift; path = ContextItemTableViewCell.swift; sourceTree = "<group>"; };
		A43FF2BB1FCA16AB00A5ECB4 /* ContextItemTableViewDelegate.swift */ = {isa = PBXFileReference; lastKnownFileType = sourcecode.swift; path = ContextItemTableViewDelegate.swift; sourceTree = "<group>"; };
		A43FF2BD1FCC4C9E00A5ECB4 /* ContextItemController.swift */ = {isa = PBXFileReference; lastKnownFileType = sourcecode.swift; path = ContextItemController.swift; sourceTree = "<group>"; };
		A45CA2371FC6ABD1004F18A6 /* PickerViewExtension.swift */ = {isa = PBXFileReference; lastKnownFileType = sourcecode.swift; path = PickerViewExtension.swift; sourceTree = "<group>"; };
		A45CA2391FC86618004F18A6 /* NotesController.swift */ = {isa = PBXFileReference; lastKnownFileType = sourcecode.swift; path = NotesController.swift; sourceTree = "<group>"; };
		A45CA23B1FC87102004F18A6 /* ContextController.swift */ = {isa = PBXFileReference; lastKnownFileType = sourcecode.swift; path = ContextController.swift; sourceTree = "<group>"; };
		A45CA23D1FC8C8C3004F18A6 /* TestingNewArch.entitlements */ = {isa = PBXFileReference; lastKnownFileType = text.plist.entitlements; path = TestingNewArch.entitlements; sourceTree = "<group>"; };
		A45FE8781FCD961900E27C17 /* MainViewViewController + collection.swift */ = {isa = PBXFileReference; lastKnownFileType = sourcecode.swift; path = "MainViewViewController + collection.swift"; sourceTree = "<group>"; };
		A45FE87A1FCD97F300E27C17 /* ContextItemCollectionViewCell.swift */ = {isa = PBXFileReference; lastKnownFileType = sourcecode.swift; path = ContextItemCollectionViewCell.swift; sourceTree = "<group>"; };
		A46D74D51FEDBAD9004306BD /* RepeatCycleTableViewCell.swift */ = {isa = PBXFileReference; lastKnownFileType = sourcecode.swift; path = RepeatCycleTableViewCell.swift; sourceTree = "<group>"; };
		A46D74D71FEDBADF004306BD /* RepeatIntervalTableViewCell.swift */ = {isa = PBXFileReference; lastKnownFileType = sourcecode.swift; path = RepeatIntervalTableViewCell.swift; sourceTree = "<group>"; };
		A46D74D91FEDBAE7004306BD /* RepeatCalendarTableViewCell.swift */ = {isa = PBXFileReference; lastKnownFileType = sourcecode.swift; path = RepeatCalendarTableViewCell.swift; sourceTree = "<group>"; };
		A46D74DB1FEDBAEE004306BD /* RepeatMonthTableViewCell.swift */ = {isa = PBXFileReference; lastKnownFileType = sourcecode.swift; path = RepeatMonthTableViewCell.swift; sourceTree = "<group>"; };
		A46D74DD1FEDC08C004306BD /* RepeatController.swift */ = {isa = PBXFileReference; lastKnownFileType = sourcecode.swift; path = RepeatController.swift; sourceTree = "<group>"; };
		A46D74DF1FEDC220004306BD /* RepeatWeeklyTableViewCell.swift */ = {isa = PBXFileReference; lastKnownFileType = sourcecode.swift; path = RepeatWeeklyTableViewCell.swift; sourceTree = "<group>"; };
		A46D74E11FEDE302004306BD /* CalendarCollectionViewCell.swift */ = {isa = PBXFileReference; lastKnownFileType = sourcecode.swift; path = CalendarCollectionViewCell.swift; sourceTree = "<group>"; };
		A46D74E31FEDE33A004306BD /* RepeatingCalendarCollectionViewCell.swift */ = {isa = PBXFileReference; lastKnownFileType = sourcecode.swift; path = RepeatingCalendarCollectionViewCell.swift; sourceTree = "<group>"; };
		A482FD8E1FE767EE00F353AC /* Helper.swift */ = {isa = PBXFileReference; lastKnownFileType = sourcecode.swift; path = Helper.swift; sourceTree = "<group>"; };
		A482FD901FE84E8500F353AC /* ReminderModel.swift */ = {isa = PBXFileReference; lastKnownFileType = sourcecode.swift; path = ReminderModel.swift; sourceTree = "<group>"; };
		A48E0B9C1FBDB632007ED8FD /* CalendarEventTableViewCell.swift */ = {isa = PBXFileReference; lastKnownFileType = sourcecode.swift; path = CalendarEventTableViewCell.swift; sourceTree = "<group>"; };
		A48E0B9E1FBDB723007ED8FD /* EventTableViewCell.swift */ = {isa = PBXFileReference; lastKnownFileType = sourcecode.swift; path = EventTableViewCell.swift; sourceTree = "<group>"; };
		A4BA783F1FC02F09007281F3 /* CalendarNetworkController.swift */ = {isa = PBXFileReference; lastKnownFileType = sourcecode.swift; path = CalendarNetworkController.swift; sourceTree = "<group>"; };
		A4BA78411FC08453007281F3 /* CalendarModelController.swift */ = {isa = PBXFileReference; lastKnownFileType = sourcecode.swift; path = CalendarModelController.swift; sourceTree = "<group>"; };
		A4BA78431FC087E0007281F3 /* CalendarEventModel.swift */ = {isa = PBXFileReference; lastKnownFileType = sourcecode.swift; path = CalendarEventModel.swift; sourceTree = "<group>"; };
		A4BFAD211FBEB85800F17D37 /* AddItemTableViewCell.swift */ = {isa = PBXFileReference; lastKnownFileType = sourcecode.swift; path = AddItemTableViewCell.swift; sourceTree = "<group>"; };
		A4BFAD231FBEB8A000F17D37 /* AddToDoController.swift */ = {isa = PBXFileReference; lastKnownFileType = sourcecode.swift; path = AddToDoController.swift; sourceTree = "<group>"; };
		A4BFAD261FBEB97800F17D37 /* ContextViewController.swift */ = {isa = PBXFileReference; lastKnownFileType = sourcecode.swift; path = ContextViewController.swift; sourceTree = "<group>"; };
		A4BFAD281FBEBB0400F17D37 /* AddNotesViewController.swift */ = {isa = PBXFileReference; lastKnownFileType = sourcecode.swift; path = AddNotesViewController.swift; sourceTree = "<group>"; };
		A4BFAD2E1FBEC57300F17D37 /* Enum.swift */ = {isa = PBXFileReference; lastKnownFileType = sourcecode.swift; path = Enum.swift; sourceTree = "<group>"; };
		A4DD2C8B1FB9AECB008CF72E /* TestingNewArch.app */ = {isa = PBXFileReference; explicitFileType = wrapper.application; includeInIndex = 0; path = TestingNewArch.app; sourceTree = BUILT_PRODUCTS_DIR; };
		A4DD2C8E1FB9AECB008CF72E /* AppDelegate.swift */ = {isa = PBXFileReference; lastKnownFileType = sourcecode.swift; path = AppDelegate.swift; sourceTree = "<group>"; };
		A4DD2C901FB9AECB008CF72E /* ViewController.swift */ = {isa = PBXFileReference; lastKnownFileType = sourcecode.swift; path = ViewController.swift; sourceTree = "<group>"; };
		A4DD2C931FB9AECB008CF72E /* Base */ = {isa = PBXFileReference; lastKnownFileType = file.storyboard; name = Base; path = Base.lproj/Main.storyboard; sourceTree = "<group>"; };
		A4DD2C951FB9AECB008CF72E /* Assets.xcassets */ = {isa = PBXFileReference; lastKnownFileType = folder.assetcatalog; path = Assets.xcassets; sourceTree = "<group>"; };
		A4DD2C981FB9AECB008CF72E /* Base */ = {isa = PBXFileReference; lastKnownFileType = file.storyboard; name = Base; path = Base.lproj/LaunchScreen.storyboard; sourceTree = "<group>"; };
		A4DD2C9A1FB9AECB008CF72E /* Info.plist */ = {isa = PBXFileReference; lastKnownFileType = text.plist.xml; path = Info.plist; sourceTree = "<group>"; };
		A4DD2C9F1FB9AECB008CF72E /* TestingNewArchTests.xctest */ = {isa = PBXFileReference; explicitFileType = wrapper.cfbundle; includeInIndex = 0; path = TestingNewArchTests.xctest; sourceTree = BUILT_PRODUCTS_DIR; };
		A4DD2CA31FB9AECC008CF72E /* TestingNewArchTests.swift */ = {isa = PBXFileReference; lastKnownFileType = sourcecode.swift; path = TestingNewArchTests.swift; sourceTree = "<group>"; };
		A4DD2CA51FB9AECC008CF72E /* Info.plist */ = {isa = PBXFileReference; lastKnownFileType = text.plist.xml; path = Info.plist; sourceTree = "<group>"; };
		A4DD2CAA1FB9AECC008CF72E /* TestingNewArchUITests.xctest */ = {isa = PBXFileReference; explicitFileType = wrapper.cfbundle; includeInIndex = 0; path = TestingNewArchUITests.xctest; sourceTree = BUILT_PRODUCTS_DIR; };
		A4DD2CAE1FB9AECC008CF72E /* TestingNewArchUITests.swift */ = {isa = PBXFileReference; lastKnownFileType = sourcecode.swift; path = TestingNewArchUITests.swift; sourceTree = "<group>"; };
		A4DD2CB01FB9AECC008CF72E /* Info.plist */ = {isa = PBXFileReference; lastKnownFileType = text.plist.xml; path = Info.plist; sourceTree = "<group>"; };
		A4DD2CBC1FB9AEE3008CF72E /* CalendarViewController.swift */ = {isa = PBXFileReference; lastKnownFileType = sourcecode.swift; path = CalendarViewController.swift; sourceTree = "<group>"; };
		A4DD2CBE1FB9AEE8008CF72E /* EventViewController.swift */ = {isa = PBXFileReference; lastKnownFileType = sourcecode.swift; path = EventViewController.swift; sourceTree = "<group>"; };
		A4DD2CCF1FBB3EC0008CF72E /* CalendarController.swift */ = {isa = PBXFileReference; lastKnownFileType = sourcecode.swift; path = CalendarController.swift; sourceTree = "<group>"; };
		A4DD2CD11FBB3F3D008CF72E /* EventDelegate.swift */ = {isa = PBXFileReference; lastKnownFileType = sourcecode.swift; path = EventDelegate.swift; sourceTree = "<group>"; };
		A4DD2CD31FBB3F44008CF72E /* CalendarDelegate.swift */ = {isa = PBXFileReference; lastKnownFileType = sourcecode.swift; path = CalendarDelegate.swift; sourceTree = "<group>"; };
		A4FE91901FC5E0540034A32D /* EventController.swift */ = {isa = PBXFileReference; fileEncoding = 4; lastKnownFileType = sourcecode.swift; name = EventController.swift; path = Controllers/EventController.swift; sourceTree = SOURCE_ROOT; };
/* End PBXFileReference section */

/* Begin PBXFrameworksBuildPhase section */
		A4DD2C881FB9AECB008CF72E /* Frameworks */ = {
			isa = PBXFrameworksBuildPhase;
			buildActionMask = 2147483647;
			files = (
			);
			runOnlyForDeploymentPostprocessing = 0;
		};
		A4DD2C9C1FB9AECB008CF72E /* Frameworks */ = {
			isa = PBXFrameworksBuildPhase;
			buildActionMask = 2147483647;
			files = (
			);
			runOnlyForDeploymentPostprocessing = 0;
		};
		A4DD2CA71FB9AECC008CF72E /* Frameworks */ = {
			isa = PBXFrameworksBuildPhase;
			buildActionMask = 2147483647;
			files = (
			);
			runOnlyForDeploymentPostprocessing = 0;
		};
/* End PBXFrameworksBuildPhase section */

/* Begin PBXGroup section */
		A4147BF71FD349DB00F67853 /* TodayView */ = {
			isa = PBXGroup;
			children = (
				A4147BF51FD3496B00F67853 /* TodayViewController.swift */,
				A4147BFC1FD34A5A00F67853 /* TodayView + tableview delegates.swift */,
			);
			path = TodayView;
			sourceTree = "<group>";
		};
		A4147BF91FD349F700F67853 /* Today Controller */ = {
			isa = PBXGroup;
			children = (
				A4147BFA1FD34A0100F67853 /* TodayController.swift */,
			);
			path = "Today Controller";
			sourceTree = "<group>";
		};
		A42191401FD7A5D400F893AE /* Cells */ = {
			isa = PBXGroup;
			children = (
				A43FF2AB1FCA031600A5ECB4 /* MainDisplayTableViewCell.swift */,
				A45FE87A1FCD97F300E27C17 /* ContextItemCollectionViewCell.swift */,
				A48E0B9E1FBDB723007ED8FD /* EventTableViewCell.swift */,
				A46D74E11FEDE302004306BD /* CalendarCollectionViewCell.swift */,
				A46D74E31FEDE33A004306BD /* RepeatingCalendarCollectionViewCell.swift */,
				A43FF2B71FCA160100A5ECB4 /* ContextItemTableViewCell.swift */,
				A48E0B9C1FBDB632007ED8FD /* CalendarEventTableViewCell.swift */,
				A482FD901FE84E8500F353AC /* ReminderModel.swift */,
				A46D74D51FEDBAD9004306BD /* RepeatCycleTableViewCell.swift */,
				A46D74DF1FEDC220004306BD /* RepeatWeeklyTableViewCell.swift */,
				A46D74D71FEDBADF004306BD /* RepeatIntervalTableViewCell.swift */,
				A46D74D91FEDBAE7004306BD /* RepeatCalendarTableViewCell.swift */,
				A46D74DB1FEDBAEE004306BD /* RepeatMonthTableViewCell.swift */,
			);
			path = Cells;
			sourceTree = "<group>";
		};
		A42CB4921FD0867F00C10976 /* Settings */ = {
			isa = PBXGroup;
			children = (
				A42CB4931FD0869700C10976 /* SettingsTableViewController.swift */,
				A42CB4951FD086AA00C10976 /* IAPViewController.swift */,
			);
			path = Settings;
			sourceTree = "<group>";
		};
		A42CB4971FD0891600C10976 /* Main View Controller */ = {
			isa = PBXGroup;
			children = (
				A43FF2B21FCA051F00A5ECB4 /* MainViewController.swift */,
				A43FF2BD1FCC4C9E00A5ECB4 /* ContextItemController.swift */,
			);
			path = "Main View Controller";
			sourceTree = "<group>";
		};
		A42CB4981FD0892900C10976 /* Theme Controller */ = {
			isa = PBXGroup;
			children = (
				A42CB4991FD0893900C10976 /* ThemeController.swift */,
			);
			path = "Theme Controller";
			sourceTree = "<group>";
		};
		A43FF2A91FC9F7ED00A5ECB4 /* Event */ = {
			isa = PBXGroup;
			children = (
				A4DD2CBE1FB9AEE8008CF72E /* EventViewController.swift */,
				A4DD2CD11FBB3F3D008CF72E /* EventDelegate.swift */,
				A43FF2A51FC9D53A00A5ECB4 /* EventDropDelegate.swift */,
			);
			path = Event;
			sourceTree = "<group>";
		};
		A43FF2AA1FC9F7F300A5ECB4 /* Calendar */ = {
			isa = PBXGroup;
			children = (
				A4DD2CBC1FB9AEE3008CF72E /* CalendarViewController.swift */,
				A4DD2CD31FBB3F44008CF72E /* CalendarDelegate.swift */,
				A43FF2A71FC9D55100A5ECB4 /* CalendarDropDelegate.swift */,
			);
			path = Calendar;
			sourceTree = "<group>";
		};
		A43FF2AD1FCA033900A5ECB4 /* MainView */ = {
			isa = PBXGroup;
			children = (
				A43FF2AE1FCA035000A5ECB4 /* MainViewViewController.swift */,
				A45FE8781FCD961900E27C17 /* MainViewViewController + collection.swift */,
			);
			path = MainView;
			sourceTree = "<group>";
		};
		A43FF2B41FCA15D400A5ECB4 /* ContextItemView */ = {
			isa = PBXGroup;
			children = (
				A43FF2B51FCA15EF00A5ECB4 /* ContextItemViewController.swift */,
				A43FF2BB1FCA16AB00A5ECB4 /* ContextItemTableViewDelegate.swift */,
				A421913E1FD71DDB00F893AE /* ContextItemView + DragAndDrop.swift */,
			);
			path = ContextItemView;
			sourceTree = "<group>";
		};
		A4BA783D1FC02EB5007281F3 /* Calendar */ = {
			isa = PBXGroup;
			children = (
				A4BA78411FC08453007281F3 /* CalendarModelController.swift */,
				A4BA783F1FC02F09007281F3 /* CalendarNetworkController.swift */,
			);
			path = Calendar;
			sourceTree = "<group>";
		};
		A4BA783E1FC02ECF007281F3 /* ToDo */ = {
			isa = PBXGroup;
			children = (
				A42CC4A21FE1F7DB0024AB03 /* RemindersController.swift */,
			);
			path = ToDo;
			sourceTree = "<group>";
		};
		A4BA78451FC5DC7E007281F3 /* AllView */ = {
			isa = PBXGroup;
			children = (
				A4DD2C901FB9AECB008CF72E /* ViewController.swift */,
				A43FF2AA1FC9F7F300A5ECB4 /* Calendar */,
				A43FF2A91FC9F7ED00A5ECB4 /* Event */,
			);
			path = AllView;
			sourceTree = "<group>";
		};
		A4BA78461FC5DC90007281F3 /* Add Item View */ = {
			isa = PBXGroup;
			children = (
				A4BFAD211FBEB85800F17D37 /* AddItemTableViewCell.swift */,
				A45CA2371FC6ABD1004F18A6 /* PickerViewExtension.swift */,
				A4BFAD281FBEBB0400F17D37 /* AddNotesViewController.swift */,
				A4BFAD261FBEB97800F17D37 /* ContextViewController.swift */,
				A421913C1FD6413D00F893AE /* ParentViewController.swift */,
				A42CC4A41FE2F28F0024AB03 /* CustomRepeatViewTableViewController.swift */,
			);
			path = "Add Item View";
			sourceTree = "<group>";
		};
		A4BA78471FC5DCDD007281F3 /* All View Controller */ = {
			isa = PBXGroup;
			children = (
				A4FE91901FC5E0540034A32D /* EventController.swift */,
				A4DD2CCF1FBB3EC0008CF72E /* CalendarController.swift */,
				A422DFCD1FC9079200B52728 /* HapticFeedbackVariableChange.swift */,
			);
			path = "All View Controller";
			sourceTree = "<group>";
		};
		A4BA78481FC5DCF6007281F3 /* Add Item Controller */ = {
			isa = PBXGroup;
			children = (
				A4BFAD231FBEB8A000F17D37 /* AddToDoController.swift */,
				A45CA2391FC86618004F18A6 /* NotesController.swift */,
				A45CA23B1FC87102004F18A6 /* ContextController.swift */,
				A421913A1FD63F8600F893AE /* ParentController.swift */,
				A46D74DD1FEDC08C004306BD /* RepeatController.swift */,
			);
			path = "Add Item Controller";
			sourceTree = "<group>";
		};
		A4DD2C821FB9AECB008CF72E = {
			isa = PBXGroup;
			children = (
				A4DD2CCA1FBB3E89008CF72E /* Controllers */,
				A4DD2CC91FBB3E7C008CF72E /* Views */,
				A4DD2CC81FBB3C40008CF72E /* Models */,
				A4DD2C8D1FB9AECB008CF72E /* TestingNewArch */,
				A4DD2CA21FB9AECC008CF72E /* TestingNewArchTests */,
				A4DD2CAD1FB9AECC008CF72E /* TestingNewArchUITests */,
				A4DD2C8C1FB9AECB008CF72E /* Products */,
				A4F9B09F1FDA32F200E98E1F /* Frameworks */,
			);
			sourceTree = "<group>";
		};
		A4DD2C8C1FB9AECB008CF72E /* Products */ = {
			isa = PBXGroup;
			children = (
				A4DD2C8B1FB9AECB008CF72E /* TestingNewArch.app */,
				A4DD2C9F1FB9AECB008CF72E /* TestingNewArchTests.xctest */,
				A4DD2CAA1FB9AECC008CF72E /* TestingNewArchUITests.xctest */,
			);
			name = Products;
			sourceTree = "<group>";
		};
		A4DD2C8D1FB9AECB008CF72E /* TestingNewArch */ = {
			isa = PBXGroup;
			children = (
				A45CA23D1FC8C8C3004F18A6 /* TestingNewArch.entitlements */,
				A4DD2C8E1FB9AECB008CF72E /* AppDelegate.swift */,
				A4DD2C921FB9AECB008CF72E /* Main.storyboard */,
				A4DD2C951FB9AECB008CF72E /* Assets.xcassets */,
				A4DD2C971FB9AECB008CF72E /* LaunchScreen.storyboard */,
				A4DD2C9A1FB9AECB008CF72E /* Info.plist */,
				A482FD8E1FE767EE00F353AC /* Helper.swift */,
			);
			path = TestingNewArch;
			sourceTree = "<group>";
		};
		A4DD2CA21FB9AECC008CF72E /* TestingNewArchTests */ = {
			isa = PBXGroup;
			children = (
				A4DD2CA31FB9AECC008CF72E /* TestingNewArchTests.swift */,
				A4DD2CA51FB9AECC008CF72E /* Info.plist */,
			);
			path = TestingNewArchTests;
			sourceTree = "<group>";
		};
		A4DD2CAD1FB9AECC008CF72E /* TestingNewArchUITests */ = {
			isa = PBXGroup;
			children = (
				A4DD2CAE1FB9AECC008CF72E /* TestingNewArchUITests.swift */,
				A4DD2CB01FB9AECC008CF72E /* Info.plist */,
			);
			path = TestingNewArchUITests;
			sourceTree = "<group>";
		};
		A4DD2CC81FBB3C40008CF72E /* Models */ = {
			isa = PBXGroup;
			children = (
				A42191401FD7A5D400F893AE /* Cells */,
				A4BA78431FC087E0007281F3 /* CalendarEventModel.swift */,
				A4BFAD2E1FBEC57300F17D37 /* Enum.swift */,
			);
			path = Models;
			sourceTree = "<group>";
		};
		A4DD2CC91FBB3E7C008CF72E /* Views */ = {
			isa = PBXGroup;
			children = (
				A4147BF71FD349DB00F67853 /* TodayView */,
				A43FF2AD1FCA033900A5ECB4 /* MainView */,
				A43FF2B41FCA15D400A5ECB4 /* ContextItemView */,
				A4BA78451FC5DC7E007281F3 /* AllView */,
				A4BA78461FC5DC90007281F3 /* Add Item View */,
				A42CB4921FD0867F00C10976 /* Settings */,
			);
			path = Views;
			sourceTree = "<group>";
		};
		A4DD2CCA1FBB3E89008CF72E /* Controllers */ = {
			isa = PBXGroup;
			children = (
				A4BA783E1FC02ECF007281F3 /* ToDo */,
				A4147BF91FD349F700F67853 /* Today Controller */,
				A42CB4981FD0892900C10976 /* Theme Controller */,
				A42CB4971FD0891600C10976 /* Main View Controller */,
				A4BA783D1FC02EB5007281F3 /* Calendar */,
				A4BA78471FC5DCDD007281F3 /* All View Controller */,
				A4BA78481FC5DCF6007281F3 /* Add Item Controller */,
			);
			path = Controllers;
			sourceTree = "<group>";
		};
		A4F9B09F1FDA32F200E98E1F /* Frameworks */ = {
			isa = PBXGroup;
			children = (
			);
			name = Frameworks;
			sourceTree = "<group>";
		};
/* End PBXGroup section */

/* Begin PBXNativeTarget section */
		A4DD2C8A1FB9AECB008CF72E /* TestingNewArch */ = {
			isa = PBXNativeTarget;
			buildConfigurationList = A4DD2CB31FB9AECC008CF72E /* Build configuration list for PBXNativeTarget "TestingNewArch" */;
			buildPhases = (
				A4DD2C871FB9AECB008CF72E /* Sources */,
				A4DD2C881FB9AECB008CF72E /* Frameworks */,
				A4DD2C891FB9AECB008CF72E /* Resources */,
			);
			buildRules = (
			);
			dependencies = (
			);
			name = TestingNewArch;
			productName = TestingNewArch;
			productReference = A4DD2C8B1FB9AECB008CF72E /* TestingNewArch.app */;
			productType = "com.apple.product-type.application";
		};
		A4DD2C9E1FB9AECB008CF72E /* TestingNewArchTests */ = {
			isa = PBXNativeTarget;
			buildConfigurationList = A4DD2CB61FB9AECC008CF72E /* Build configuration list for PBXNativeTarget "TestingNewArchTests" */;
			buildPhases = (
				A4DD2C9B1FB9AECB008CF72E /* Sources */,
				A4DD2C9C1FB9AECB008CF72E /* Frameworks */,
				A4DD2C9D1FB9AECB008CF72E /* Resources */,
			);
			buildRules = (
			);
			dependencies = (
				A4DD2CA11FB9AECC008CF72E /* PBXTargetDependency */,
			);
			name = TestingNewArchTests;
			productName = TestingNewArchTests;
			productReference = A4DD2C9F1FB9AECB008CF72E /* TestingNewArchTests.xctest */;
			productType = "com.apple.product-type.bundle.unit-test";
		};
		A4DD2CA91FB9AECC008CF72E /* TestingNewArchUITests */ = {
			isa = PBXNativeTarget;
			buildConfigurationList = A4DD2CB91FB9AECC008CF72E /* Build configuration list for PBXNativeTarget "TestingNewArchUITests" */;
			buildPhases = (
				A4DD2CA61FB9AECC008CF72E /* Sources */,
				A4DD2CA71FB9AECC008CF72E /* Frameworks */,
				A4DD2CA81FB9AECC008CF72E /* Resources */,
			);
			buildRules = (
			);
			dependencies = (
				A4DD2CAC1FB9AECC008CF72E /* PBXTargetDependency */,
			);
			name = TestingNewArchUITests;
			productName = TestingNewArchUITests;
			productReference = A4DD2CAA1FB9AECC008CF72E /* TestingNewArchUITests.xctest */;
			productType = "com.apple.product-type.bundle.ui-testing";
		};
/* End PBXNativeTarget section */

/* Begin PBXProject section */
		A4DD2C831FB9AECB008CF72E /* Project object */ = {
			isa = PBXProject;
			attributes = {
				LastSwiftUpdateCheck = 0910;
				LastUpgradeCheck = 0910;
				ORGANIZATIONNAME = "Min Kim";
				TargetAttributes = {
					A4DD2C8A1FB9AECB008CF72E = {
						CreatedOnToolsVersion = 9.1;
						ProvisioningStyle = Automatic;
						SystemCapabilities = {
							com.apple.Push = {
								enabled = 1;
							};
							com.apple.iCloud = {
								enabled = 0;
							};
						};
					};
					A4DD2C9E1FB9AECB008CF72E = {
						CreatedOnToolsVersion = 9.1;
						ProvisioningStyle = Automatic;
						TestTargetID = A4DD2C8A1FB9AECB008CF72E;
					};
					A4DD2CA91FB9AECC008CF72E = {
						CreatedOnToolsVersion = 9.1;
						ProvisioningStyle = Automatic;
						TestTargetID = A4DD2C8A1FB9AECB008CF72E;
					};
				};
			};
			buildConfigurationList = A4DD2C861FB9AECB008CF72E /* Build configuration list for PBXProject "DueLife" */;
			compatibilityVersion = "Xcode 8.0";
			developmentRegion = en;
			hasScannedForEncodings = 0;
			knownRegions = (
				en,
				Base,
			);
			mainGroup = A4DD2C821FB9AECB008CF72E;
			productRefGroup = A4DD2C8C1FB9AECB008CF72E /* Products */;
			projectDirPath = "";
			projectRoot = "";
			targets = (
				A4DD2C8A1FB9AECB008CF72E /* TestingNewArch */,
				A4DD2C9E1FB9AECB008CF72E /* TestingNewArchTests */,
				A4DD2CA91FB9AECC008CF72E /* TestingNewArchUITests */,
			);
		};
/* End PBXProject section */

/* Begin PBXResourcesBuildPhase section */
		A4DD2C891FB9AECB008CF72E /* Resources */ = {
			isa = PBXResourcesBuildPhase;
			buildActionMask = 2147483647;
			files = (
				A4DD2C991FB9AECB008CF72E /* LaunchScreen.storyboard in Resources */,
				A4DD2C961FB9AECB008CF72E /* Assets.xcassets in Resources */,
				A4DD2C941FB9AECB008CF72E /* Main.storyboard in Resources */,
			);
			runOnlyForDeploymentPostprocessing = 0;
		};
		A4DD2C9D1FB9AECB008CF72E /* Resources */ = {
			isa = PBXResourcesBuildPhase;
			buildActionMask = 2147483647;
			files = (
			);
			runOnlyForDeploymentPostprocessing = 0;
		};
		A4DD2CA81FB9AECC008CF72E /* Resources */ = {
			isa = PBXResourcesBuildPhase;
			buildActionMask = 2147483647;
			files = (
			);
			runOnlyForDeploymentPostprocessing = 0;
		};
/* End PBXResourcesBuildPhase section */

/* Begin PBXSourcesBuildPhase section */
		A4DD2C871FB9AECB008CF72E /* Sources */ = {
			isa = PBXSourcesBuildPhase;
			buildActionMask = 2147483647;
			files = (
				A45CA2381FC6ABD1004F18A6 /* PickerViewExtension.swift in Sources */,
				A43FF2A81FC9D55100A5ECB4 /* CalendarDropDelegate.swift in Sources */,
				A421913F1FD71DDB00F893AE /* ContextItemView + DragAndDrop.swift in Sources */,
				A45FE8791FCD961900E27C17 /* MainViewViewController + collection.swift in Sources */,
				A45CA23C1FC87102004F18A6 /* ContextController.swift in Sources */,
				A45CA23A1FC86618004F18A6 /* NotesController.swift in Sources */,
				A46D74E01FEDC220004306BD /* RepeatWeeklyTableViewCell.swift in Sources */,
				A42CB49A1FD0893900C10976 /* ThemeController.swift in Sources */,
				A4BFAD251FBEB94100F17D37 /* AddItemTableViewCell.swift in Sources */,
				A4147BF61FD3496B00F67853 /* TodayViewController.swift in Sources */,
				A4147BFD1FD34A5A00F67853 /* TodayView + tableview delegates.swift in Sources */,
				A43FF2AC1FCA031600A5ECB4 /* MainDisplayTableViewCell.swift in Sources */,
				A421913B1FD63F8600F893AE /* ParentController.swift in Sources */,
				A4DD2CBD1FB9AEE3008CF72E /* CalendarViewController.swift in Sources */,
				A46D74DE1FEDC08C004306BD /* RepeatController.swift in Sources */,
				A4BFAD241FBEB8A000F17D37 /* AddToDoController.swift in Sources */,
				A42CB4941FD0869700C10976 /* SettingsTableViewController.swift in Sources */,
				A42CC4A51FE2F28F0024AB03 /* CustomRepeatViewTableViewController.swift in Sources */,
				A4DD2CBF1FB9AEE8008CF72E /* EventViewController.swift in Sources */,
				A43FF2BE1FCC4C9E00A5ECB4 /* ContextItemController.swift in Sources */,
				A4BFAD271FBEB97800F17D37 /* ContextViewController.swift in Sources */,
				A43FF2B61FCA15EF00A5ECB4 /* ContextItemViewController.swift in Sources */,
				A48E0B9D1FBDB632007ED8FD /* CalendarEventTableViewCell.swift in Sources */,
				A43FF2AF1FCA035000A5ECB4 /* MainViewViewController.swift in Sources */,
				A46D74D81FEDBADF004306BD /* RepeatIntervalTableViewCell.swift in Sources */,
				A482FD911FE84E8500F353AC /* ReminderModel.swift in Sources */,
				A43FF2B81FCA160100A5ECB4 /* ContextItemTableViewCell.swift in Sources */,
				A4DD2C911FB9AECB008CF72E /* ViewController.swift in Sources */,
				A46D74E41FEDE33A004306BD /* RepeatingCalendarCollectionViewCell.swift in Sources */,
				A4BFAD2F1FBEC57300F17D37 /* Enum.swift in Sources */,
				A48E0B9F1FBDB723007ED8FD /* EventTableViewCell.swift in Sources */,
				A4FE91911FC5E0540034A32D /* EventController.swift in Sources */,
				A43FF2BC1FCA16AB00A5ECB4 /* ContextItemTableViewDelegate.swift in Sources */,
				A42CB4961FD086AA00C10976 /* IAPViewController.swift in Sources */,
				A43FF2A61FC9D53A00A5ECB4 /* EventDropDelegate.swift in Sources */,
				A43FF2B31FCA051F00A5ECB4 /* MainViewController.swift in Sources */,
				A4DD2CD01FBB3EC0008CF72E /* CalendarController.swift in Sources */,
				A45FE87B1FCD97F300E27C17 /* ContextItemCollectionViewCell.swift in Sources */,
				A46D74DC1FEDBAEE004306BD /* RepeatMonthTableViewCell.swift in Sources */,
				A4DD2CD21FBB3F3D008CF72E /* EventDelegate.swift in Sources */,
				A46D74E21FEDE302004306BD /* CalendarCollectionViewCell.swift in Sources */,
				A4147BFB1FD34A0100F67853 /* TodayController.swift in Sources */,
				A4DD2C8F1FB9AECB008CF72E /* AppDelegate.swift in Sources */,
				A4DD2CD41FBB3F44008CF72E /* CalendarDelegate.swift in Sources */,
				A4BA78441FC087E0007281F3 /* CalendarEventModel.swift in Sources */,
				A4BFAD291FBEBB0400F17D37 /* AddNotesViewController.swift in Sources */,
				A46D74D61FEDBAD9004306BD /* RepeatCycleTableViewCell.swift in Sources */,
				A421913D1FD6413D00F893AE /* ParentViewController.swift in Sources */,
				A482FD8F1FE767EE00F353AC /* Helper.swift in Sources */,
				A422DFCE1FC9079200B52728 /* HapticFeedbackVariableChange.swift in Sources */,
				A46D74DA1FEDBAE8004306BD /* RepeatCalendarTableViewCell.swift in Sources */,
				A42CC4A31FE1F7DB0024AB03 /* RemindersController.swift in Sources */,
			);
			runOnlyForDeploymentPostprocessing = 0;
		};
		A4DD2C9B1FB9AECB008CF72E /* Sources */ = {
			isa = PBXSourcesBuildPhase;
			buildActionMask = 2147483647;
			files = (
				A4DD2CA41FB9AECC008CF72E /* TestingNewArchTests.swift in Sources */,
			);
			runOnlyForDeploymentPostprocessing = 0;
		};
		A4DD2CA61FB9AECC008CF72E /* Sources */ = {
			isa = PBXSourcesBuildPhase;
			buildActionMask = 2147483647;
			files = (
				A4DD2CAF1FB9AECC008CF72E /* TestingNewArchUITests.swift in Sources */,
			);
			runOnlyForDeploymentPostprocessing = 0;
		};
/* End PBXSourcesBuildPhase section */

/* Begin PBXTargetDependency section */
		A4DD2CA11FB9AECC008CF72E /* PBXTargetDependency */ = {
			isa = PBXTargetDependency;
			target = A4DD2C8A1FB9AECB008CF72E /* TestingNewArch */;
			targetProxy = A4DD2CA01FB9AECC008CF72E /* PBXContainerItemProxy */;
		};
		A4DD2CAC1FB9AECC008CF72E /* PBXTargetDependency */ = {
			isa = PBXTargetDependency;
			target = A4DD2C8A1FB9AECB008CF72E /* TestingNewArch */;
			targetProxy = A4DD2CAB1FB9AECC008CF72E /* PBXContainerItemProxy */;
		};
/* End PBXTargetDependency section */

/* Begin PBXVariantGroup section */
		A4DD2C921FB9AECB008CF72E /* Main.storyboard */ = {
			isa = PBXVariantGroup;
			children = (
				A4DD2C931FB9AECB008CF72E /* Base */,
			);
			name = Main.storyboard;
			sourceTree = "<group>";
		};
		A4DD2C971FB9AECB008CF72E /* LaunchScreen.storyboard */ = {
			isa = PBXVariantGroup;
			children = (
				A4DD2C981FB9AECB008CF72E /* Base */,
			);
			name = LaunchScreen.storyboard;
			sourceTree = "<group>";
		};
/* End PBXVariantGroup section */

/* Begin XCBuildConfiguration section */
		A4DD2CB11FB9AECC008CF72E /* Debug */ = {
			isa = XCBuildConfiguration;
			buildSettings = {
				ALWAYS_SEARCH_USER_PATHS = NO;
				CLANG_ANALYZER_NONNULL = YES;
				CLANG_ANALYZER_NUMBER_OBJECT_CONVERSION = YES_AGGRESSIVE;
				CLANG_CXX_LANGUAGE_STANDARD = "gnu++14";
				CLANG_CXX_LIBRARY = "libc++";
				CLANG_ENABLE_MODULES = YES;
				CLANG_ENABLE_OBJC_ARC = YES;
				CLANG_WARN_BLOCK_CAPTURE_AUTORELEASING = YES;
				CLANG_WARN_BOOL_CONVERSION = YES;
				CLANG_WARN_COMMA = YES;
				CLANG_WARN_CONSTANT_CONVERSION = YES;
				CLANG_WARN_DIRECT_OBJC_ISA_USAGE = YES_ERROR;
				CLANG_WARN_DOCUMENTATION_COMMENTS = YES;
				CLANG_WARN_EMPTY_BODY = YES;
				CLANG_WARN_ENUM_CONVERSION = YES;
				CLANG_WARN_INFINITE_RECURSION = YES;
				CLANG_WARN_INT_CONVERSION = YES;
				CLANG_WARN_NON_LITERAL_NULL_CONVERSION = YES;
				CLANG_WARN_OBJC_LITERAL_CONVERSION = YES;
				CLANG_WARN_OBJC_ROOT_CLASS = YES_ERROR;
				CLANG_WARN_RANGE_LOOP_ANALYSIS = YES;
				CLANG_WARN_STRICT_PROTOTYPES = YES;
				CLANG_WARN_SUSPICIOUS_MOVE = YES;
				CLANG_WARN_UNGUARDED_AVAILABILITY = YES_AGGRESSIVE;
				CLANG_WARN_UNREACHABLE_CODE = YES;
				CLANG_WARN__DUPLICATE_METHOD_MATCH = YES;
				CODE_SIGN_IDENTITY = "iPhone Developer";
				COPY_PHASE_STRIP = NO;
				DEBUG_INFORMATION_FORMAT = dwarf;
				ENABLE_STRICT_OBJC_MSGSEND = YES;
				ENABLE_TESTABILITY = YES;
				GCC_C_LANGUAGE_STANDARD = gnu11;
				GCC_DYNAMIC_NO_PIC = NO;
				GCC_NO_COMMON_BLOCKS = YES;
				GCC_OPTIMIZATION_LEVEL = 0;
				GCC_PREPROCESSOR_DEFINITIONS = (
					"DEBUG=1",
					"$(inherited)",
				);
				GCC_WARN_64_TO_32_BIT_CONVERSION = YES;
				GCC_WARN_ABOUT_RETURN_TYPE = YES_ERROR;
				GCC_WARN_UNDECLARED_SELECTOR = YES;
				GCC_WARN_UNINITIALIZED_AUTOS = YES_AGGRESSIVE;
				GCC_WARN_UNUSED_FUNCTION = YES;
				GCC_WARN_UNUSED_VARIABLE = YES;
				IPHONEOS_DEPLOYMENT_TARGET = 11.0;
				MTL_ENABLE_DEBUG_INFO = YES;
				ONLY_ACTIVE_ARCH = YES;
				SDKROOT = iphoneos;
				SWIFT_ACTIVE_COMPILATION_CONDITIONS = DEBUG;
				SWIFT_OPTIMIZATION_LEVEL = "-Onone";
			};
			name = Debug;
		};
		A4DD2CB21FB9AECC008CF72E /* Release */ = {
			isa = XCBuildConfiguration;
			buildSettings = {
				ALWAYS_SEARCH_USER_PATHS = NO;
				CLANG_ANALYZER_NONNULL = YES;
				CLANG_ANALYZER_NUMBER_OBJECT_CONVERSION = YES_AGGRESSIVE;
				CLANG_CXX_LANGUAGE_STANDARD = "gnu++14";
				CLANG_CXX_LIBRARY = "libc++";
				CLANG_ENABLE_MODULES = YES;
				CLANG_ENABLE_OBJC_ARC = YES;
				CLANG_WARN_BLOCK_CAPTURE_AUTORELEASING = YES;
				CLANG_WARN_BOOL_CONVERSION = YES;
				CLANG_WARN_COMMA = YES;
				CLANG_WARN_CONSTANT_CONVERSION = YES;
				CLANG_WARN_DIRECT_OBJC_ISA_USAGE = YES_ERROR;
				CLANG_WARN_DOCUMENTATION_COMMENTS = YES;
				CLANG_WARN_EMPTY_BODY = YES;
				CLANG_WARN_ENUM_CONVERSION = YES;
				CLANG_WARN_INFINITE_RECURSION = YES;
				CLANG_WARN_INT_CONVERSION = YES;
				CLANG_WARN_NON_LITERAL_NULL_CONVERSION = YES;
				CLANG_WARN_OBJC_LITERAL_CONVERSION = YES;
				CLANG_WARN_OBJC_ROOT_CLASS = YES_ERROR;
				CLANG_WARN_RANGE_LOOP_ANALYSIS = YES;
				CLANG_WARN_STRICT_PROTOTYPES = YES;
				CLANG_WARN_SUSPICIOUS_MOVE = YES;
				CLANG_WARN_UNGUARDED_AVAILABILITY = YES_AGGRESSIVE;
				CLANG_WARN_UNREACHABLE_CODE = YES;
				CLANG_WARN__DUPLICATE_METHOD_MATCH = YES;
				CODE_SIGN_IDENTITY = "iPhone Developer";
				COPY_PHASE_STRIP = NO;
				DEBUG_INFORMATION_FORMAT = "dwarf-with-dsym";
				ENABLE_NS_ASSERTIONS = NO;
				ENABLE_STRICT_OBJC_MSGSEND = YES;
				GCC_C_LANGUAGE_STANDARD = gnu11;
				GCC_NO_COMMON_BLOCKS = YES;
				GCC_WARN_64_TO_32_BIT_CONVERSION = YES;
				GCC_WARN_ABOUT_RETURN_TYPE = YES_ERROR;
				GCC_WARN_UNDECLARED_SELECTOR = YES;
				GCC_WARN_UNINITIALIZED_AUTOS = YES_AGGRESSIVE;
				GCC_WARN_UNUSED_FUNCTION = YES;
				GCC_WARN_UNUSED_VARIABLE = YES;
				IPHONEOS_DEPLOYMENT_TARGET = 11.0;
				MTL_ENABLE_DEBUG_INFO = NO;
				SDKROOT = iphoneos;
				SWIFT_OPTIMIZATION_LEVEL = "-Owholemodule";
				VALIDATE_PRODUCT = YES;
			};
			name = Release;
		};
		A4DD2CB41FB9AECC008CF72E /* Debug */ = {
			isa = XCBuildConfiguration;
			buildSettings = {
				ASSETCATALOG_COMPILER_APPICON_NAME = AppIcon;
				CODE_SIGN_ENTITLEMENTS = TestingNewArch/TestingNewArch.entitlements;
				CODE_SIGN_STYLE = Automatic;
				DEVELOPMENT_TEAM = 5VJVPNJ49Q;
				INFOPLIST_FILE = TestingNewArch/Info.plist;
				IPHONEOS_DEPLOYMENT_TARGET = 11.0;
				LD_RUNPATH_SEARCH_PATHS = "$(inherited) @executable_path/Frameworks";
				PRODUCT_BUNDLE_IDENTIFIER = com.minkim.DueLife;
				PRODUCT_NAME = "$(TARGET_NAME)";
				SWIFT_VERSION = 4.0;
				TARGETED_DEVICE_FAMILY = "1,2";
			};
			name = Debug;
		};
		A4DD2CB51FB9AECC008CF72E /* Release */ = {
			isa = XCBuildConfiguration;
			buildSettings = {
				ASSETCATALOG_COMPILER_APPICON_NAME = AppIcon;
				CODE_SIGN_ENTITLEMENTS = TestingNewArch/TestingNewArch.entitlements;
				CODE_SIGN_STYLE = Automatic;
				DEVELOPMENT_TEAM = 5VJVPNJ49Q;
				INFOPLIST_FILE = TestingNewArch/Info.plist;
				IPHONEOS_DEPLOYMENT_TARGET = 11.0;
				LD_RUNPATH_SEARCH_PATHS = "$(inherited) @executable_path/Frameworks";
				PRODUCT_BUNDLE_IDENTIFIER = com.minkim.DueLife;
				PRODUCT_NAME = "$(TARGET_NAME)";
				SWIFT_VERSION = 4.0;
				TARGETED_DEVICE_FAMILY = "1,2";
			};
			name = Release;
		};
		A4DD2CB71FB9AECC008CF72E /* Debug */ = {
			isa = XCBuildConfiguration;
			buildSettings = {
				ALWAYS_EMBED_SWIFT_STANDARD_LIBRARIES = YES;
				BUNDLE_LOADER = "$(TEST_HOST)";
				CODE_SIGN_STYLE = Automatic;
				DEVELOPMENT_TEAM = 5VJVPNJ49Q;
				INFOPLIST_FILE = TestingNewArchTests/Info.plist;
				LD_RUNPATH_SEARCH_PATHS = "$(inherited) @executable_path/Frameworks @loader_path/Frameworks";
				PRODUCT_BUNDLE_IDENTIFIER = com.minkim.TestingNewArchTests;
				PRODUCT_NAME = "$(TARGET_NAME)";
				SWIFT_VERSION = 4.0;
				TARGETED_DEVICE_FAMILY = "1,2";
				TEST_HOST = "$(BUILT_PRODUCTS_DIR)/TestingNewArch.app/TestingNewArch";
			};
			name = Debug;
		};
		A4DD2CB81FB9AECC008CF72E /* Release */ = {
			isa = XCBuildConfiguration;
			buildSettings = {
				ALWAYS_EMBED_SWIFT_STANDARD_LIBRARIES = YES;
				BUNDLE_LOADER = "$(TEST_HOST)";
				CODE_SIGN_STYLE = Automatic;
				DEVELOPMENT_TEAM = 5VJVPNJ49Q;
				INFOPLIST_FILE = TestingNewArchTests/Info.plist;
				LD_RUNPATH_SEARCH_PATHS = "$(inherited) @executable_path/Frameworks @loader_path/Frameworks";
				PRODUCT_BUNDLE_IDENTIFIER = com.minkim.TestingNewArchTests;
				PRODUCT_NAME = "$(TARGET_NAME)";
				SWIFT_VERSION = 4.0;
				TARGETED_DEVICE_FAMILY = "1,2";
				TEST_HOST = "$(BUILT_PRODUCTS_DIR)/TestingNewArch.app/TestingNewArch";
			};
			name = Release;
		};
		A4DD2CBA1FB9AECC008CF72E /* Debug */ = {
			isa = XCBuildConfiguration;
			buildSettings = {
				ALWAYS_EMBED_SWIFT_STANDARD_LIBRARIES = YES;
				CODE_SIGN_STYLE = Automatic;
				DEVELOPMENT_TEAM = 5VJVPNJ49Q;
				INFOPLIST_FILE = TestingNewArchUITests/Info.plist;
				LD_RUNPATH_SEARCH_PATHS = "$(inherited) @executable_path/Frameworks @loader_path/Frameworks";
				PRODUCT_BUNDLE_IDENTIFIER = com.minkim.TestingNewArchUITests;
				PRODUCT_NAME = "$(TARGET_NAME)";
				SWIFT_VERSION = 4.0;
				TARGETED_DEVICE_FAMILY = "1,2";
				TEST_TARGET_NAME = TestingNewArch;
			};
			name = Debug;
		};
		A4DD2CBB1FB9AECC008CF72E /* Release */ = {
			isa = XCBuildConfiguration;
			buildSettings = {
				ALWAYS_EMBED_SWIFT_STANDARD_LIBRARIES = YES;
				CODE_SIGN_STYLE = Automatic;
				DEVELOPMENT_TEAM = 5VJVPNJ49Q;
				INFOPLIST_FILE = TestingNewArchUITests/Info.plist;
				LD_RUNPATH_SEARCH_PATHS = "$(inherited) @executable_path/Frameworks @loader_path/Frameworks";
				PRODUCT_BUNDLE_IDENTIFIER = com.minkim.TestingNewArchUITests;
				PRODUCT_NAME = "$(TARGET_NAME)";
				SWIFT_VERSION = 4.0;
				TARGETED_DEVICE_FAMILY = "1,2";
				TEST_TARGET_NAME = TestingNewArch;
			};
			name = Release;
		};
/* End XCBuildConfiguration section */

/* Begin XCConfigurationList section */
		A4DD2C861FB9AECB008CF72E /* Build configuration list for PBXProject "DueLife" */ = {
			isa = XCConfigurationList;
			buildConfigurations = (
				A4DD2CB11FB9AECC008CF72E /* Debug */,
				A4DD2CB21FB9AECC008CF72E /* Release */,
			);
			defaultConfigurationIsVisible = 0;
			defaultConfigurationName = Release;
		};
		A4DD2CB31FB9AECC008CF72E /* Build configuration list for PBXNativeTarget "TestingNewArch" */ = {
			isa = XCConfigurationList;
			buildConfigurations = (
				A4DD2CB41FB9AECC008CF72E /* Debug */,
				A4DD2CB51FB9AECC008CF72E /* Release */,
			);
			defaultConfigurationIsVisible = 0;
			defaultConfigurationName = Release;
		};
		A4DD2CB61FB9AECC008CF72E /* Build configuration list for PBXNativeTarget "TestingNewArchTests" */ = {
			isa = XCConfigurationList;
			buildConfigurations = (
				A4DD2CB71FB9AECC008CF72E /* Debug */,
				A4DD2CB81FB9AECC008CF72E /* Release */,
			);
			defaultConfigurationIsVisible = 0;
			defaultConfigurationName = Release;
		};
		A4DD2CB91FB9AECC008CF72E /* Build configuration list for PBXNativeTarget "TestingNewArchUITests" */ = {
			isa = XCConfigurationList;
			buildConfigurations = (
				A4DD2CBA1FB9AECC008CF72E /* Debug */,
				A4DD2CBB1FB9AECC008CF72E /* Release */,
			);
			defaultConfigurationIsVisible = 0;
			defaultConfigurationName = Release;
		};
/* End XCConfigurationList section */
	};
	rootObject = A4DD2C831FB9AECB008CF72E /* Project object */;
}
